
Microsoft Visual Studio Solution File, Format Version 12.00
# Visual Studio Version 16
VisualStudioVersion = 16.0.30011.22
MinimumVisualStudioVersion = 10.0.40219.1
EndProject
Project("{FAE04EC0-301F-11D3-BF4B-00C04F79EFBC}") = "ImageResize", "ImageResize\ImageResize.csproj", "{ACC33D16-6446-4FB2-8F6F-52E224BD1034}"
EndProject
Global
	GlobalSection(SolutionConfigurationPlatforms) = preSolution
		Debug|Any CPU = Debug|Any CPU
		Debug|x86 = Debug|x86
		Release|Any CPU = Release|Any CPU
		Release|x86 = Release|x86
	EndGlobalSection
	GlobalSection(ProjectConfigurationPlatforms) = postSolution
		{39FCA38D-8276-4873-8997-B5DF22263BDE}.Debug|Any CPU.ActiveCfg = Debug|Any CPU
		{39FCA38D-8276-4873-8997-B5DF22263BDE}.Debug|Any CPU.Build.0 = Debug|Any CPU
		{39FCA38D-8276-4873-8997-B5DF22263BDE}.Debug|x86.ActiveCfg = Debug|x86
		{39FCA38D-8276-4873-8997-B5DF22263BDE}.Debug|x86.Build.0 = Debug|x86
		{39FCA38D-8276-4873-8997-B5DF22263BDE}.Release|Any CPU.ActiveCfg = Release|Any CPU
		{39FCA38D-8276-4873-8997-B5DF22263BDE}.Release|Any CPU.Build.0 = Release|Any CPU
		{39FCA38D-8276-4873-8997-B5DF22263BDE}.Release|x86.ActiveCfg = Release|x86
		{39FCA38D-8276-4873-8997-B5DF22263BDE}.Release|x86.Build.0 = Release|x86
		{ACC33D16-6446-4FB2-8F6F-52E224BD1034}.Debug|Any CPU.ActiveCfg = Debug|Any CPU
		{ACC33D16-6446-4FB2-8F6F-52E224BD1034}.Debug|Any CPU.Build.0 = Debug|Any CPU
		{ACC33D16-6446-4FB2-8F6F-52E224BD1034}.Debug|x86.ActiveCfg = Debug|Any CPU
		{ACC33D16-6446-4FB2-8F6F-52E224BD1034}.Debug|x86.Build.0 = Debug|Any CPU
		{ACC33D16-6446-4FB2-8F6F-52E224BD1034}.Release|Any CPU.ActiveCfg = Release|Any CPU
		{ACC33D16-6446-4FB2-8F6F-52E224BD1034}.Release|Any CPU.Build.0 = Release|Any CPU
		{ACC33D16-6446-4FB2-8F6F-52E224BD1034}.Release|x86.ActiveCfg = Release|Any CPU
		{ACC33D16-6446-4FB2-8F6F-52E224BD1034}.Release|x86.Build.0 = Release|Any CPU
	EndGlobalSection
	GlobalSection(SolutionProperties) = preSolution
		HideSolutionNode = FALSE
	EndGlobalSection
	GlobalSection(ExtensibilityGlobals) = postSolution
		SolutionGuid = {83EC0AB3-CE0C-4EE3-AEF2-F1E945D12918}
	EndGlobalSection
EndGlobal
